// !$*UTF8*$!
{
	archiveVersion = 1;
	classes = {
	};
	objectVersion = 52;
	objects = {

/* Begin PBXBuildFile section */
		3B1875D02A5214A7000B69BD /* View+onLoad.swift in Sources */ = {isa = PBXBuildFile; fileRef = 3B1875CF2A5214A7000B69BD /* View+onLoad.swift */; };
		3B1875D32A521E0D000B69BD /* PlanetDetailsView.swift in Sources */ = {isa = PBXBuildFile; fileRef = 3B1875D22A521E0D000B69BD /* PlanetDetailsView.swift */; };
		3B1875D52A521E1E000B69BD /* PlanetDetailsViewModel.swift in Sources */ = {isa = PBXBuildFile; fileRef = 3B1875D42A521E1E000B69BD /* PlanetDetailsViewModel.swift */; };
		3B1875D72A521E2E000B69BD /* PlanetDetailsViewState.swift in Sources */ = {isa = PBXBuildFile; fileRef = 3B1875D62A521E2E000B69BD /* PlanetDetailsViewState.swift */; };
		3B1875D92A521E40000B69BD /* PlanetDetailsViewSceneDelegate.swift in Sources */ = {isa = PBXBuildFile; fileRef = 3B1875D82A521E40000B69BD /* PlanetDetailsViewSceneDelegate.swift */; };
		3B1875E02A52F278000B69BD /* FailedView.swift in Sources */ = {isa = PBXBuildFile; fileRef = 3B1875DF2A52F278000B69BD /* FailedView.swift */; };
		3B1875F22A52FD35000B69BD /* Resolver in Frameworks */ = {isa = PBXBuildFile; productRef = 3B1875F12A52FD35000B69BD /* Resolver */; };
		3B1875F52A52FFB0000B69BD /* Resolver+SetupDependencies.swift in Sources */ = {isa = PBXBuildFile; fileRef = 3B1875F42A52FFB0000B69BD /* Resolver+SetupDependencies.swift */; };
		3B76DCC62A4F1ABD00FACAA4 /* RefreshableScrollViewModifier.swift in Sources */ = {isa = PBXBuildFile; fileRef = 3B76DCC52A4F1ABD00FACAA4 /* RefreshableScrollViewModifier.swift */; };
		3BCB22DE2A4DC15800ACD9AF /* NetworkingService.swift in Sources */ = {isa = PBXBuildFile; fileRef = 3BCB22DD2A4DC15800ACD9AF /* NetworkingService.swift */; };
		3BCB22E12A4DCBED00ACD9AF /* LoggingPlugin.swift in Sources */ = {isa = PBXBuildFile; fileRef = 3BCB22E02A4DCBED00ACD9AF /* LoggingPlugin.swift */; };
		3BCB22E42A4DD24D00ACD9AF /* SwapiClientService.swift in Sources */ = {isa = PBXBuildFile; fileRef = 3BCB22E32A4DD24D00ACD9AF /* SwapiClientService.swift */; };
		3BCB22E62A4DD28A00ACD9AF /* Endpoint.swift in Sources */ = {isa = PBXBuildFile; fileRef = 3BCB22E52A4DD28A00ACD9AF /* Endpoint.swift */; };
		3BCB22E82A4DD2BF00ACD9AF /* NetworkClientError.swift in Sources */ = {isa = PBXBuildFile; fileRef = 3BCB22E72A4DD2BF00ACD9AF /* NetworkClientError.swift */; };
		3BCB22EE2A4DD5DB00ACD9AF /* StarWarsNetworkService.swift in Sources */ = {isa = PBXBuildFile; fileRef = 3BCB22ED2A4DD5DB00ACD9AF /* StarWarsNetworkService.swift */; };
		3BCB22F22A4DF47600ACD9AF /* MainCoordinatorView.swift in Sources */ = {isa = PBXBuildFile; fileRef = 3BCB22F12A4DF47600ACD9AF /* MainCoordinatorView.swift */; };
		3BCB22F42A4DF48F00ACD9AF /* MainCoordinatorObject.swift in Sources */ = {isa = PBXBuildFile; fileRef = 3BCB22F32A4DF48F00ACD9AF /* MainCoordinatorObject.swift */; };
		3BCB22F72A4DF4CC00ACD9AF /* PlanetsCoordinatorView.swift in Sources */ = {isa = PBXBuildFile; fileRef = 3BCB22F62A4DF4CC00ACD9AF /* PlanetsCoordinatorView.swift */; };
		3BCB22F92A4DF4D700ACD9AF /* PlanetsCoordinatorObject.swift in Sources */ = {isa = PBXBuildFile; fileRef = 3BCB22F82A4DF4D700ACD9AF /* PlanetsCoordinatorObject.swift */; };
		3BCB22FD2A4DF51C00ACD9AF /* PlanetsView.swift in Sources */ = {isa = PBXBuildFile; fileRef = 3BCB22FC2A4DF51C00ACD9AF /* PlanetsView.swift */; };
		3BCB22FF2A4DF52800ACD9AF /* PlanetsViewModel.swift in Sources */ = {isa = PBXBuildFile; fileRef = 3BCB22FE2A4DF52800ACD9AF /* PlanetsViewModel.swift */; };
		3BCB23012A4DF53E00ACD9AF /* PlanetsViewState.swift in Sources */ = {isa = PBXBuildFile; fileRef = 3BCB23002A4DF53E00ACD9AF /* PlanetsViewState.swift */; };
		3BCB23052A4DF68200ACD9AF /* Planet.swift in Sources */ = {isa = PBXBuildFile; fileRef = 3BCB23042A4DF68200ACD9AF /* Planet.swift */; };
		3BCB23072A4DF68E00ACD9AF /* PlanetsPage.swift in Sources */ = {isa = PBXBuildFile; fileRef = 3BCB23062A4DF68E00ACD9AF /* PlanetsPage.swift */; };
		3BCB23092A4DFE4300ACD9AF /* PlanetsViewSceneDelegate.swift in Sources */ = {isa = PBXBuildFile; fileRef = 3BCB23082A4DFE4300ACD9AF /* PlanetsViewSceneDelegate.swift */; };
		3BCB230C2A4DFFD600ACD9AF /* StarWarsSpaceView.swift in Sources */ = {isa = PBXBuildFile; fileRef = 3BCB230B2A4DFFD600ACD9AF /* StarWarsSpaceView.swift */; };
		3BCB230E2A4DFFE900ACD9AF /* StarWarsSpaceViewModel.swift in Sources */ = {isa = PBXBuildFile; fileRef = 3BCB230D2A4DFFE900ACD9AF /* StarWarsSpaceViewModel.swift */; };
		3BCB23102A4DFFFB00ACD9AF /* StarWarsSpaceViewSceneDelegate.swift in Sources */ = {isa = PBXBuildFile; fileRef = 3BCB230F2A4DFFFB00ACD9AF /* StarWarsSpaceViewSceneDelegate.swift */; };
		3BCB234B2A4E22E300ACD9AF /* StarWarsSpaceViewController.xib in Resources */ = {isa = PBXBuildFile; fileRef = 3BCB234A2A4E22E300ACD9AF /* StarWarsSpaceViewController.xib */; };
		3BCB23502A4E330900ACD9AF /* View+Navigation.swift in Sources */ = {isa = PBXBuildFile; fileRef = 3BCB234F2A4E330900ACD9AF /* View+Navigation.swift */; };
		3BCB23532A4E38A300ACD9AF /* Pagination.swift in Sources */ = {isa = PBXBuildFile; fileRef = 3BCB23522A4E38A300ACD9AF /* Pagination.swift */; };
		3BCB23562A4E3C5500ACD9AF /* Result+Async.swift in Sources */ = {isa = PBXBuildFile; fileRef = 3BCB23552A4E3C5500ACD9AF /* Result+Async.swift */; };
		3BCB23592A4E3D4B00ACD9AF /* StarWarsUseCase.swift in Sources */ = {isa = PBXBuildFile; fileRef = 3BCB23582A4E3D4B00ACD9AF /* StarWarsUseCase.swift */; };
		3BF44BCA2A53062D001876EC /* ZNLSWAPIClient.m in Sources */ = {isa = PBXBuildFile; fileRef = 3BF44BC92A53062D001876EC /* ZNLSWAPIClient.m */; };
		3BF44BCE2A5306FB001876EC /* PlanetsViewModelTests.swift in Sources */ = {isa = PBXBuildFile; fileRef = 3BF44BCD2A5306FB001876EC /* PlanetsViewModelTests.swift */; };
		3BF44BD12A530780001876EC /* StarWarsUseCaseProtocolMock.swift in Sources */ = {isa = PBXBuildFile; fileRef = 3BF44BD02A530780001876EC /* StarWarsUseCaseProtocolMock.swift */; };
		3BF44BD42A530918001876EC /* PlanetsViewSceneDelegateMock.swift in Sources */ = {isa = PBXBuildFile; fileRef = 3BF44BD32A530918001876EC /* PlanetsViewSceneDelegateMock.swift */; };
		3BF44BDC2A531732001876EC /* MockedError.swift in Sources */ = {isa = PBXBuildFile; fileRef = 3BF44BDB2A531732001876EC /* MockedError.swift */; };
		3BF44C0D2A533A46001876EC /* PlanetsViewUITests.swift in Sources */ = {isa = PBXBuildFile; fileRef = 3BF44C0C2A533A46001876EC /* PlanetsViewUITests.swift */; };
		3BF44C0F2A533AF9001876EC /* Resolver+UITestsSetupDependencies.swift in Sources */ = {isa = PBXBuildFile; fileRef = 3BF44C0E2A533AF9001876EC /* Resolver+UITestsSetupDependencies.swift */; };
		3BF44C112A533BFB001876EC /* UITestsHelper.swift in Sources */ = {isa = PBXBuildFile; fileRef = 3BF44C102A533BFB001876EC /* UITestsHelper.swift */; };
		3BF44C162A5345ED001876EC /* StarWarsUseCaseProtocolUITestsMock.swift in Sources */ = {isa = PBXBuildFile; fileRef = 3BF44C152A5345ED001876EC /* StarWarsUseCaseProtocolUITestsMock.swift */; };
		3BF44C182A5346B7001876EC /* MockedError.swift in Sources */ = {isa = PBXBuildFile; fileRef = 3BF44C172A5346B7001876EC /* MockedError.swift */; };
		3BF44C1C2A534841001876EC /* Planet+Fixture.swift in Sources */ = {isa = PBXBuildFile; fileRef = 3BF44C1A2A534840001876EC /* Planet+Fixture.swift */; };
		3BF44C1D2A534841001876EC /* PlanetsPage+Fixture.swift in Sources */ = {isa = PBXBuildFile; fileRef = 3BF44C1B2A534841001876EC /* PlanetsPage+Fixture.swift */; };
		7E29D86926A6FFF9001034D1 /* AppDelegate.swift in Sources */ = {isa = PBXBuildFile; fileRef = 7E29D86826A6FFF9001034D1 /* AppDelegate.swift */; };
		7E29D87026A6FFF9001034D1 /* Main.storyboard in Resources */ = {isa = PBXBuildFile; fileRef = 7E29D86E26A6FFF9001034D1 /* Main.storyboard */; };
		7E29D87226A6FFFC001034D1 /* Assets.xcassets in Resources */ = {isa = PBXBuildFile; fileRef = 7E29D87126A6FFFC001034D1 /* Assets.xcassets */; };
		7E29D87526A6FFFC001034D1 /* LaunchScreen.storyboard in Resources */ = {isa = PBXBuildFile; fileRef = 7E29D87326A6FFFC001034D1 /* LaunchScreen.storyboard */; };
		7E29D89F26A71C61001034D1 /* PlanetsCollectionViewController.swift in Sources */ = {isa = PBXBuildFile; fileRef = 7E29D89E26A71C61001034D1 /* PlanetsCollectionViewController.swift */; };
		7E29D8A226A71D78001034D1 /* PlanetDTO.swift in Sources */ = {isa = PBXBuildFile; fileRef = 7E29D8A126A71D78001034D1 /* PlanetDTO.swift */; };
		7E29D8A426A72A2A001034D1 /* PlanetsSnapshotProvider.swift in Sources */ = {isa = PBXBuildFile; fileRef = 7E29D8A326A72A2A001034D1 /* PlanetsSnapshotProvider.swift */; };
		7E29D8A626A73243001034D1 /* PlanetsPageDTO.swift in Sources */ = {isa = PBXBuildFile; fileRef = 7E29D8A526A73243001034D1 /* PlanetsPageDTO.swift */; };
		7E29D8AC26A85C6E001034D1 /* ZNLSWAPIClientTests.swift in Sources */ = {isa = PBXBuildFile; fileRef = 7E29D8AB26A85C6E001034D1 /* ZNLSWAPIClientTests.swift */; };
		7E29D8B126A87ADF001034D1 /* SpaceView.swift in Sources */ = {isa = PBXBuildFile; fileRef = 7E29D8B026A87ADF001034D1 /* SpaceView.swift */; };
		7E29D92926A969D2001034D1 /* SpaceshipView.swift in Sources */ = {isa = PBXBuildFile; fileRef = 7E29D92826A969D2001034D1 /* SpaceshipView.swift */; };
/* End PBXBuildFile section */

/* Begin PBXContainerItemProxy section */
		3BF44BE82A533780001876EC /* PBXContainerItemProxy */ = {
			isa = PBXContainerItemProxy;
			containerPortal = 7E29D85D26A6FFF9001034D1 /* Project object */;
			proxyType = 1;
			remoteGlobalIDString = 7E29D86426A6FFF9001034D1;
			remoteInfo = StarWarsAPIViewer;
		};
		7E29D87C26A6FFFC001034D1 /* PBXContainerItemProxy */ = {
			isa = PBXContainerItemProxy;
			containerPortal = 7E29D85D26A6FFF9001034D1 /* Project object */;
			proxyType = 1;
			remoteGlobalIDString = 7E29D86426A6FFF9001034D1;
			remoteInfo = StarWarsAPIViewer;
		};
/* End PBXContainerItemProxy section */

/* Begin PBXFileReference section */
		3B1875CF2A5214A7000B69BD /* View+onLoad.swift */ = {isa = PBXFileReference; lastKnownFileType = sourcecode.swift; path = "View+onLoad.swift"; sourceTree = "<group>"; };
		3B1875D22A521E0D000B69BD /* PlanetDetailsView.swift */ = {isa = PBXFileReference; lastKnownFileType = sourcecode.swift; path = PlanetDetailsView.swift; sourceTree = "<group>"; };
		3B1875D42A521E1E000B69BD /* PlanetDetailsViewModel.swift */ = {isa = PBXFileReference; lastKnownFileType = sourcecode.swift; path = PlanetDetailsViewModel.swift; sourceTree = "<group>"; };
		3B1875D62A521E2E000B69BD /* PlanetDetailsViewState.swift */ = {isa = PBXFileReference; lastKnownFileType = sourcecode.swift; path = PlanetDetailsViewState.swift; sourceTree = "<group>"; };
		3B1875D82A521E40000B69BD /* PlanetDetailsViewSceneDelegate.swift */ = {isa = PBXFileReference; lastKnownFileType = sourcecode.swift; path = PlanetDetailsViewSceneDelegate.swift; sourceTree = "<group>"; };
		3B1875DF2A52F278000B69BD /* FailedView.swift */ = {isa = PBXFileReference; lastKnownFileType = sourcecode.swift; path = FailedView.swift; sourceTree = "<group>"; };
		3B1875EF2A52FD26000B69BD /* Resolver */ = {isa = PBXFileReference; lastKnownFileType = wrapper; name = Resolver; path = LocalPackages/Resolver; sourceTree = "<group>"; };
		3B1875F42A52FFB0000B69BD /* Resolver+SetupDependencies.swift */ = {isa = PBXFileReference; lastKnownFileType = sourcecode.swift; path = "Resolver+SetupDependencies.swift"; sourceTree = "<group>"; };
		3B76DCC52A4F1ABD00FACAA4 /* RefreshableScrollViewModifier.swift */ = {isa = PBXFileReference; lastKnownFileType = sourcecode.swift; path = RefreshableScrollViewModifier.swift; sourceTree = "<group>"; };
		3BCB22DD2A4DC15800ACD9AF /* NetworkingService.swift */ = {isa = PBXFileReference; lastKnownFileType = sourcecode.swift; path = NetworkingService.swift; sourceTree = "<group>"; };
		3BCB22E02A4DCBED00ACD9AF /* LoggingPlugin.swift */ = {isa = PBXFileReference; lastKnownFileType = sourcecode.swift; path = LoggingPlugin.swift; sourceTree = "<group>"; };
		3BCB22E32A4DD24D00ACD9AF /* SwapiClientService.swift */ = {isa = PBXFileReference; lastKnownFileType = sourcecode.swift; path = SwapiClientService.swift; sourceTree = "<group>"; };
		3BCB22E52A4DD28A00ACD9AF /* Endpoint.swift */ = {isa = PBXFileReference; lastKnownFileType = sourcecode.swift; path = Endpoint.swift; sourceTree = "<group>"; };
		3BCB22E72A4DD2BF00ACD9AF /* NetworkClientError.swift */ = {isa = PBXFileReference; lastKnownFileType = sourcecode.swift; path = NetworkClientError.swift; sourceTree = "<group>"; };
		3BCB22ED2A4DD5DB00ACD9AF /* StarWarsNetworkService.swift */ = {isa = PBXFileReference; lastKnownFileType = sourcecode.swift; path = StarWarsNetworkService.swift; sourceTree = "<group>"; };
		3BCB22F12A4DF47600ACD9AF /* MainCoordinatorView.swift */ = {isa = PBXFileReference; lastKnownFileType = sourcecode.swift; path = MainCoordinatorView.swift; sourceTree = "<group>"; };
		3BCB22F32A4DF48F00ACD9AF /* MainCoordinatorObject.swift */ = {isa = PBXFileReference; lastKnownFileType = sourcecode.swift; path = MainCoordinatorObject.swift; sourceTree = "<group>"; };
		3BCB22F62A4DF4CC00ACD9AF /* PlanetsCoordinatorView.swift */ = {isa = PBXFileReference; lastKnownFileType = sourcecode.swift; path = PlanetsCoordinatorView.swift; sourceTree = "<group>"; };
		3BCB22F82A4DF4D700ACD9AF /* PlanetsCoordinatorObject.swift */ = {isa = PBXFileReference; lastKnownFileType = sourcecode.swift; path = PlanetsCoordinatorObject.swift; sourceTree = "<group>"; };
		3BCB22FC2A4DF51C00ACD9AF /* PlanetsView.swift */ = {isa = PBXFileReference; lastKnownFileType = sourcecode.swift; path = PlanetsView.swift; sourceTree = "<group>"; };
		3BCB22FE2A4DF52800ACD9AF /* PlanetsViewModel.swift */ = {isa = PBXFileReference; lastKnownFileType = sourcecode.swift; path = PlanetsViewModel.swift; sourceTree = "<group>"; };
		3BCB23002A4DF53E00ACD9AF /* PlanetsViewState.swift */ = {isa = PBXFileReference; lastKnownFileType = sourcecode.swift; path = PlanetsViewState.swift; sourceTree = "<group>"; };
		3BCB23042A4DF68200ACD9AF /* Planet.swift */ = {isa = PBXFileReference; lastKnownFileType = sourcecode.swift; path = Planet.swift; sourceTree = "<group>"; };
		3BCB23062A4DF68E00ACD9AF /* PlanetsPage.swift */ = {isa = PBXFileReference; lastKnownFileType = sourcecode.swift; path = PlanetsPage.swift; sourceTree = "<group>"; };
		3BCB23082A4DFE4300ACD9AF /* PlanetsViewSceneDelegate.swift */ = {isa = PBXFileReference; lastKnownFileType = sourcecode.swift; path = PlanetsViewSceneDelegate.swift; sourceTree = "<group>"; };
		3BCB230B2A4DFFD600ACD9AF /* StarWarsSpaceView.swift */ = {isa = PBXFileReference; lastKnownFileType = sourcecode.swift; path = StarWarsSpaceView.swift; sourceTree = "<group>"; };
		3BCB230D2A4DFFE900ACD9AF /* StarWarsSpaceViewModel.swift */ = {isa = PBXFileReference; lastKnownFileType = sourcecode.swift; path = StarWarsSpaceViewModel.swift; sourceTree = "<group>"; };
		3BCB230F2A4DFFFB00ACD9AF /* StarWarsSpaceViewSceneDelegate.swift */ = {isa = PBXFileReference; lastKnownFileType = sourcecode.swift; path = StarWarsSpaceViewSceneDelegate.swift; sourceTree = "<group>"; };
		3BCB234A2A4E22E300ACD9AF /* StarWarsSpaceViewController.xib */ = {isa = PBXFileReference; lastKnownFileType = file.xib; path = StarWarsSpaceViewController.xib; sourceTree = "<group>"; };
		3BCB234F2A4E330900ACD9AF /* View+Navigation.swift */ = {isa = PBXFileReference; lastKnownFileType = sourcecode.swift; path = "View+Navigation.swift"; sourceTree = "<group>"; };
		3BCB23522A4E38A300ACD9AF /* Pagination.swift */ = {isa = PBXFileReference; lastKnownFileType = sourcecode.swift; path = Pagination.swift; sourceTree = "<group>"; };
		3BCB23552A4E3C5500ACD9AF /* Result+Async.swift */ = {isa = PBXFileReference; lastKnownFileType = sourcecode.swift; path = "Result+Async.swift"; sourceTree = "<group>"; };
		3BCB23582A4E3D4B00ACD9AF /* StarWarsUseCase.swift */ = {isa = PBXFileReference; lastKnownFileType = sourcecode.swift; path = StarWarsUseCase.swift; sourceTree = "<group>"; };
		3BF44BC82A53062D001876EC /* ZNLSWAPIClient.h */ = {isa = PBXFileReference; fileEncoding = 4; lastKnownFileType = sourcecode.c.h; path = ZNLSWAPIClient.h; sourceTree = "<group>"; };
		3BF44BC92A53062D001876EC /* ZNLSWAPIClient.m */ = {isa = PBXFileReference; fileEncoding = 4; lastKnownFileType = sourcecode.c.objc; path = ZNLSWAPIClient.m; sourceTree = "<group>"; };
		3BF44BCD2A5306FB001876EC /* PlanetsViewModelTests.swift */ = {isa = PBXFileReference; lastKnownFileType = sourcecode.swift; path = PlanetsViewModelTests.swift; sourceTree = "<group>"; };
		3BF44BD02A530780001876EC /* StarWarsUseCaseProtocolMock.swift */ = {isa = PBXFileReference; lastKnownFileType = sourcecode.swift; path = StarWarsUseCaseProtocolMock.swift; sourceTree = "<group>"; };
		3BF44BD32A530918001876EC /* PlanetsViewSceneDelegateMock.swift */ = {isa = PBXFileReference; lastKnownFileType = sourcecode.swift; path = PlanetsViewSceneDelegateMock.swift; sourceTree = "<group>"; };
		3BF44BDB2A531732001876EC /* MockedError.swift */ = {isa = PBXFileReference; lastKnownFileType = sourcecode.swift; path = MockedError.swift; sourceTree = "<group>"; };
		3BF44BE22A533780001876EC /* StarWarsAPIViewerUITests.xctest */ = {isa = PBXFileReference; explicitFileType = wrapper.cfbundle; includeInIndex = 0; path = StarWarsAPIViewerUITests.xctest; sourceTree = BUILT_PRODUCTS_DIR; };
		3BF44C0C2A533A46001876EC /* PlanetsViewUITests.swift */ = {isa = PBXFileReference; lastKnownFileType = sourcecode.swift; path = PlanetsViewUITests.swift; sourceTree = "<group>"; };
		3BF44C0E2A533AF9001876EC /* Resolver+UITestsSetupDependencies.swift */ = {isa = PBXFileReference; lastKnownFileType = sourcecode.swift; path = "Resolver+UITestsSetupDependencies.swift"; sourceTree = "<group>"; };
		3BF44C102A533BFB001876EC /* UITestsHelper.swift */ = {isa = PBXFileReference; lastKnownFileType = sourcecode.swift; path = UITestsHelper.swift; sourceTree = "<group>"; };
		3BF44C152A5345ED001876EC /* StarWarsUseCaseProtocolUITestsMock.swift */ = {isa = PBXFileReference; lastKnownFileType = sourcecode.swift; path = StarWarsUseCaseProtocolUITestsMock.swift; sourceTree = "<group>"; };
		3BF44C172A5346B7001876EC /* MockedError.swift */ = {isa = PBXFileReference; lastKnownFileType = sourcecode.swift; path = MockedError.swift; sourceTree = "<group>"; };
		3BF44C1A2A534840001876EC /* Planet+Fixture.swift */ = {isa = PBXFileReference; fileEncoding = 4; lastKnownFileType = sourcecode.swift; path = "Planet+Fixture.swift"; sourceTree = "<group>"; };
		3BF44C1B2A534841001876EC /* PlanetsPage+Fixture.swift */ = {isa = PBXFileReference; fileEncoding = 4; lastKnownFileType = sourcecode.swift; path = "PlanetsPage+Fixture.swift"; sourceTree = "<group>"; };
		7E29D86526A6FFF9001034D1 /* StarWarsAPIViewer.app */ = {isa = PBXFileReference; explicitFileType = wrapper.application; includeInIndex = 0; path = StarWarsAPIViewer.app; sourceTree = BUILT_PRODUCTS_DIR; };
		7E29D86826A6FFF9001034D1 /* AppDelegate.swift */ = {isa = PBXFileReference; lastKnownFileType = sourcecode.swift; path = AppDelegate.swift; sourceTree = "<group>"; };
		7E29D86F26A6FFF9001034D1 /* Base */ = {isa = PBXFileReference; lastKnownFileType = file.storyboard; name = Base; path = Base.lproj/Main.storyboard; sourceTree = "<group>"; };
		7E29D87126A6FFFC001034D1 /* Assets.xcassets */ = {isa = PBXFileReference; lastKnownFileType = folder.assetcatalog; path = Assets.xcassets; sourceTree = "<group>"; };
		7E29D87426A6FFFC001034D1 /* Base */ = {isa = PBXFileReference; lastKnownFileType = file.storyboard; name = Base; path = Base.lproj/LaunchScreen.storyboard; sourceTree = "<group>"; };
		7E29D87626A6FFFC001034D1 /* Info.plist */ = {isa = PBXFileReference; lastKnownFileType = text.plist.xml; path = Info.plist; sourceTree = "<group>"; };
		7E29D87B26A6FFFC001034D1 /* StarWarsAPIViewerTests.xctest */ = {isa = PBXFileReference; explicitFileType = wrapper.cfbundle; includeInIndex = 0; path = StarWarsAPIViewerTests.xctest; sourceTree = BUILT_PRODUCTS_DIR; };
		7E29D88126A6FFFC001034D1 /* Info.plist */ = {isa = PBXFileReference; lastKnownFileType = text.plist.xml; path = Info.plist; sourceTree = "<group>"; };
		7E29D89E26A71C61001034D1 /* PlanetsCollectionViewController.swift */ = {isa = PBXFileReference; lastKnownFileType = sourcecode.swift; path = PlanetsCollectionViewController.swift; sourceTree = "<group>"; };
		7E29D8A126A71D78001034D1 /* PlanetDTO.swift */ = {isa = PBXFileReference; lastKnownFileType = sourcecode.swift; path = PlanetDTO.swift; sourceTree = "<group>"; };
		7E29D8A326A72A2A001034D1 /* PlanetsSnapshotProvider.swift */ = {isa = PBXFileReference; lastKnownFileType = sourcecode.swift; path = PlanetsSnapshotProvider.swift; sourceTree = "<group>"; };
		7E29D8A526A73243001034D1 /* PlanetsPageDTO.swift */ = {isa = PBXFileReference; lastKnownFileType = sourcecode.swift; path = PlanetsPageDTO.swift; sourceTree = "<group>"; };
		7E29D8AB26A85C6E001034D1 /* ZNLSWAPIClientTests.swift */ = {isa = PBXFileReference; lastKnownFileType = sourcecode.swift; path = ZNLSWAPIClientTests.swift; sourceTree = "<group>"; };
		7E29D8B026A87ADF001034D1 /* SpaceView.swift */ = {isa = PBXFileReference; lastKnownFileType = sourcecode.swift; path = SpaceView.swift; sourceTree = "<group>"; };
		7E29D92826A969D2001034D1 /* SpaceshipView.swift */ = {isa = PBXFileReference; lastKnownFileType = sourcecode.swift; path = SpaceshipView.swift; sourceTree = "<group>"; };
/* End PBXFileReference section */

/* Begin PBXFrameworksBuildPhase section */
		3BF44BDF2A533780001876EC /* Frameworks */ = {
			isa = PBXFrameworksBuildPhase;
			buildActionMask = 2147483647;
			files = (
			);
			runOnlyForDeploymentPostprocessing = 0;
		};
		7E29D86226A6FFF9001034D1 /* Frameworks */ = {
			isa = PBXFrameworksBuildPhase;
			buildActionMask = 2147483647;
			files = (
				3B1875F22A52FD35000B69BD /* Resolver in Frameworks */,
			);
			runOnlyForDeploymentPostprocessing = 0;
		};
		7E29D87826A6FFFC001034D1 /* Frameworks */ = {
			isa = PBXFrameworksBuildPhase;
			buildActionMask = 2147483647;
			files = (
			);
			runOnlyForDeploymentPostprocessing = 0;
		};
/* End PBXFrameworksBuildPhase section */

/* Begin PBXGroup section */
		3B1875D12A521DE5000B69BD /* PlanetDetailsScene */ = {
			isa = PBXGroup;
			children = (
				3B1875D22A521E0D000B69BD /* PlanetDetailsView.swift */,
				3B1875D42A521E1E000B69BD /* PlanetDetailsViewModel.swift */,
				3B1875D62A521E2E000B69BD /* PlanetDetailsViewState.swift */,
				3B1875D82A521E40000B69BD /* PlanetDetailsViewSceneDelegate.swift */,
			);
			path = PlanetDetailsScene;
			sourceTree = "<group>";
		};
		3B1875DC2A52E1C9000B69BD /* SwiftUI */ = {
			isa = PBXGroup;
			children = (
				3B1875DF2A52F278000B69BD /* FailedView.swift */,
			);
			path = SwiftUI;
			sourceTree = "<group>";
		};
		3B1875EE2A52FD26000B69BD /* Packages */ = {
			isa = PBXGroup;
			children = (
				3B1875EF2A52FD26000B69BD /* Resolver */,
			);
			name = Packages;
			sourceTree = "<group>";
		};
		3B1875F32A52FF9A000B69BD /* Resolver */ = {
			isa = PBXGroup;
			children = (
				3B1875F42A52FFB0000B69BD /* Resolver+SetupDependencies.swift */,
			);
			path = Resolver;
			sourceTree = "<group>";
		};
		3BCB22DB2A4DC12200ACD9AF /* Services */ = {
			isa = PBXGroup;
			children = (
				3BCB22EC2A4DD51100ACD9AF /* NetworksServices */,
				3BCB22E22A4DD21B00ACD9AF /* ClientServices */,
				3BCB22DC2A4DC13600ACD9AF /* NetworkingService */,
			);
			path = Services;
			sourceTree = "<group>";
		};
		3BCB22DC2A4DC13600ACD9AF /* NetworkingService */ = {
			isa = PBXGroup;
			children = (
				3BCB22DF2A4DCBD400ACD9AF /* Plugins */,
				3BCB22DD2A4DC15800ACD9AF /* NetworkingService.swift */,
			);
			path = NetworkingService;
			sourceTree = "<group>";
		};
		3BCB22DF2A4DCBD400ACD9AF /* Plugins */ = {
			isa = PBXGroup;
			children = (
				3BCB22E02A4DCBED00ACD9AF /* LoggingPlugin.swift */,
			);
			path = Plugins;
			sourceTree = "<group>";
		};
		3BCB22E22A4DD21B00ACD9AF /* ClientServices */ = {
			isa = PBXGroup;
			children = (
				3BCB22E92A4DD48500ACD9AF /* Base */,
				3BCB22E32A4DD24D00ACD9AF /* SwapiClientService.swift */,
			);
			path = ClientServices;
			sourceTree = "<group>";
		};
		3BCB22E92A4DD48500ACD9AF /* Base */ = {
			isa = PBXGroup;
			children = (
				3BCB22E52A4DD28A00ACD9AF /* Endpoint.swift */,
				3BCB22E72A4DD2BF00ACD9AF /* NetworkClientError.swift */,
			);
			path = Base;
			sourceTree = "<group>";
		};
		3BCB22EC2A4DD51100ACD9AF /* NetworksServices */ = {
			isa = PBXGroup;
			children = (
				3BCB22ED2A4DD5DB00ACD9AF /* StarWarsNetworkService.swift */,
			);
			path = NetworksServices;
			sourceTree = "<group>";
		};
		3BCB22EF2A4DF45000ACD9AF /* Coordinators */ = {
			isa = PBXGroup;
			children = (
				3BCB22F02A4DF46700ACD9AF /* MainCoordinator */,
				3BCB22F52A4DF4B500ACD9AF /* PlanetsCoordinator */,
			);
			path = Coordinators;
			sourceTree = "<group>";
		};
		3BCB22F02A4DF46700ACD9AF /* MainCoordinator */ = {
			isa = PBXGroup;
			children = (
				3BCB22F12A4DF47600ACD9AF /* MainCoordinatorView.swift */,
				3BCB22F32A4DF48F00ACD9AF /* MainCoordinatorObject.swift */,
			);
			path = MainCoordinator;
			sourceTree = "<group>";
		};
		3BCB22F52A4DF4B500ACD9AF /* PlanetsCoordinator */ = {
			isa = PBXGroup;
			children = (
				3BCB22F62A4DF4CC00ACD9AF /* PlanetsCoordinatorView.swift */,
				3BCB22F82A4DF4D700ACD9AF /* PlanetsCoordinatorObject.swift */,
			);
			path = PlanetsCoordinator;
			sourceTree = "<group>";
		};
		3BCB22FA2A4DF50200ACD9AF /* Scenes */ = {
			isa = PBXGroup;
			children = (
				3BCB230A2A4DFF2A00ACD9AF /* StarWarsSpaceScene */,
				3BCB22FB2A4DF50C00ACD9AF /* PlanetsScene */,
				3B1875D12A521DE5000B69BD /* PlanetDetailsScene */,
			);
			path = Scenes;
			sourceTree = "<group>";
		};
		3BCB22FB2A4DF50C00ACD9AF /* PlanetsScene */ = {
			isa = PBXGroup;
			children = (
				3BCB22FC2A4DF51C00ACD9AF /* PlanetsView.swift */,
				3BCB22FE2A4DF52800ACD9AF /* PlanetsViewModel.swift */,
				3BCB23002A4DF53E00ACD9AF /* PlanetsViewState.swift */,
				3BCB23082A4DFE4300ACD9AF /* PlanetsViewSceneDelegate.swift */,
			);
			path = PlanetsScene;
			sourceTree = "<group>";
		};
		3BCB23022A4DF64E00ACD9AF /* DTO */ = {
			isa = PBXGroup;
			children = (
				7E29D8A126A71D78001034D1 /* PlanetDTO.swift */,
				7E29D8A526A73243001034D1 /* PlanetsPageDTO.swift */,
			);
			path = DTO;
			sourceTree = "<group>";
		};
		3BCB23032A4DF65900ACD9AF /* Domain */ = {
			isa = PBXGroup;
			children = (
				3BCB23042A4DF68200ACD9AF /* Planet.swift */,
				3BCB23062A4DF68E00ACD9AF /* PlanetsPage.swift */,
			);
			path = Domain;
			sourceTree = "<group>";
		};
		3BCB230A2A4DFF2A00ACD9AF /* StarWarsSpaceScene */ = {
			isa = PBXGroup;
			children = (
				3BCB230B2A4DFFD600ACD9AF /* StarWarsSpaceView.swift */,
				3BCB230D2A4DFFE900ACD9AF /* StarWarsSpaceViewModel.swift */,
				3BCB230F2A4DFFFB00ACD9AF /* StarWarsSpaceViewSceneDelegate.swift */,
				3BCB234A2A4E22E300ACD9AF /* StarWarsSpaceViewController.xib */,
			);
			path = StarWarsSpaceScene;
			sourceTree = "<group>";
		};
		3BCB234C2A4E329100ACD9AF /* Utils */ = {
			isa = PBXGroup;
			children = (
				3BF44C132A53457F001876EC /* UITesting */,
				3B1875F32A52FF9A000B69BD /* Resolver */,
				3BCB23512A4E387100ACD9AF /* Pagination */,
				3BCB234E2A4E32D600ACD9AF /* Extensions */,
			);
			path = Utils;
			sourceTree = "<group>";
		};
		3BCB234D2A4E329700ACD9AF /* SwiftUI */ = {
			isa = PBXGroup;
			children = (
				3BCB234F2A4E330900ACD9AF /* View+Navigation.swift */,
				3B76DCC52A4F1ABD00FACAA4 /* RefreshableScrollViewModifier.swift */,
				3B1875CF2A5214A7000B69BD /* View+onLoad.swift */,
			);
			path = SwiftUI;
			sourceTree = "<group>";
		};
		3BCB234E2A4E32D600ACD9AF /* Extensions */ = {
			isa = PBXGroup;
			children = (
				3BCB23542A4E3C4100ACD9AF /* Swift */,
				3BCB234D2A4E329700ACD9AF /* SwiftUI */,
			);
			path = Extensions;
			sourceTree = "<group>";
		};
		3BCB23512A4E387100ACD9AF /* Pagination */ = {
			isa = PBXGroup;
			children = (
				3BCB23522A4E38A300ACD9AF /* Pagination.swift */,
			);
			path = Pagination;
			sourceTree = "<group>";
		};
		3BCB23542A4E3C4100ACD9AF /* Swift */ = {
			isa = PBXGroup;
			children = (
				3BCB23552A4E3C5500ACD9AF /* Result+Async.swift */,
			);
			path = Swift;
			sourceTree = "<group>";
		};
		3BCB23572A4E3D3A00ACD9AF /* UseCases */ = {
			isa = PBXGroup;
			children = (
				3BCB23582A4E3D4B00ACD9AF /* StarWarsUseCase.swift */,
			);
			path = UseCases;
			sourceTree = "<group>";
		};
		3BF44BC62A5305C3001876EC /* Legacy */ = {
			isa = PBXGroup;
			children = (
				7E29D8AA26A81DE1001034D1 /* Data Source */,
				3BF44BC72A53062D001876EC /* API Client */,
				7E29D8A926A81DD3001034D1 /* View Controllers */,
				7E29D86E26A6FFF9001034D1 /* Main.storyboard */,
			);
			path = Legacy;
			sourceTree = "<group>";
		};
		3BF44BC72A53062D001876EC /* API Client */ = {
			isa = PBXGroup;
			children = (
				3BF44BC82A53062D001876EC /* ZNLSWAPIClient.h */,
				3BF44BC92A53062D001876EC /* ZNLSWAPIClient.m */,
			);
			path = "API Client";
			sourceTree = "<group>";
		};
		3BF44BCB2A5306CE001876EC /* Scenes */ = {
			isa = PBXGroup;
			children = (
				3BF44BCC2A5306DC001876EC /* PlanetsScene */,
			);
			path = Scenes;
			sourceTree = "<group>";
		};
		3BF44BCC2A5306DC001876EC /* PlanetsScene */ = {
			isa = PBXGroup;
			children = (
				3BF44BCD2A5306FB001876EC /* PlanetsViewModelTests.swift */,
			);
			path = PlanetsScene;
			sourceTree = "<group>";
		};
		3BF44BCF2A530764001876EC /* Helpers */ = {
			isa = PBXGroup;
			children = (
				3BF44BDA2A531724001876EC /* Extensions */,
				3BF44BD22A5307B4001876EC /* Mock */,
			);
			path = Helpers;
			sourceTree = "<group>";
		};
		3BF44BD22A5307B4001876EC /* Mock */ = {
			isa = PBXGroup;
			children = (
				3BF44BD02A530780001876EC /* StarWarsUseCaseProtocolMock.swift */,
				3BF44BD32A530918001876EC /* PlanetsViewSceneDelegateMock.swift */,
			);
			path = Mock;
			sourceTree = "<group>";
		};
		3BF44BDA2A531724001876EC /* Extensions */ = {
			isa = PBXGroup;
			children = (
				3BF44BDB2A531732001876EC /* MockedError.swift */,
			);
			path = Extensions;
			sourceTree = "<group>";
		};
		3BF44BDD2A531FD7001876EC /* Legacy */ = {
			isa = PBXGroup;
			children = (
				7E29D8AB26A85C6E001034D1 /* ZNLSWAPIClientTests.swift */,
			);
			path = Legacy;
			sourceTree = "<group>";
		};
		3BF44BE32A533780001876EC /* StarWarsAPIViewerUITests */ = {
			isa = PBXGroup;
			children = (
				3BF44C0A2A533A12001876EC /* Scenes */,
				3BF44BF42A53392E001876EC /* Helpers */,
			);
			path = StarWarsAPIViewerUITests;
			sourceTree = "<group>";
		};
		3BF44BF42A53392E001876EC /* Helpers */ = {
			isa = PBXGroup;
			children = (
			);
			name = Helpers;
			path = StarWarsAPIViewerTests/Helpers;
			sourceTree = SOURCE_ROOT;
		};
		3BF44C0A2A533A12001876EC /* Scenes */ = {
			isa = PBXGroup;
			children = (
				3BF44C0B2A533A1A001876EC /* PlanetsScene */,
			);
			path = Scenes;
			sourceTree = "<group>";
		};
		3BF44C0B2A533A1A001876EC /* PlanetsScene */ = {
			isa = PBXGroup;
			children = (
				3BF44C0C2A533A46001876EC /* PlanetsViewUITests.swift */,
			);
			path = PlanetsScene;
			sourceTree = "<group>";
		};
		3BF44C132A53457F001876EC /* UITesting */ = {
			isa = PBXGroup;
			children = (
				3BF44C192A53481B001876EC /* Fixtures */,
				3BF44C142A5345CC001876EC /* UITestsMocks */,
				3BF44C102A533BFB001876EC /* UITestsHelper.swift */,
				3BF44C0E2A533AF9001876EC /* Resolver+UITestsSetupDependencies.swift */,
				3BF44C172A5346B7001876EC /* MockedError.swift */,
			);
			path = UITesting;
			sourceTree = "<group>";
		};
		3BF44C142A5345CC001876EC /* UITestsMocks */ = {
			isa = PBXGroup;
			children = (
				3BF44C152A5345ED001876EC /* StarWarsUseCaseProtocolUITestsMock.swift */,
			);
			path = UITestsMocks;
			sourceTree = "<group>";
		};
		3BF44C192A53481B001876EC /* Fixtures */ = {
			isa = PBXGroup;
			children = (
				3BF44C1A2A534840001876EC /* Planet+Fixture.swift */,
				3BF44C1B2A534841001876EC /* PlanetsPage+Fixture.swift */,
			);
			path = Fixtures;
			sourceTree = "<group>";
		};
		7E29D85C26A6FFF9001034D1 = {
			isa = PBXGroup;
			children = (
				3B1875EE2A52FD26000B69BD /* Packages */,
				7E29D86726A6FFF9001034D1 /* StarWarsAPIViewer */,
				7E29D87E26A6FFFC001034D1 /* StarWarsAPIViewerTests */,
				3BF44BE32A533780001876EC /* StarWarsAPIViewerUITests */,
				7E29D86626A6FFF9001034D1 /* Products */,
			);
			sourceTree = "<group>";
		};
		7E29D86626A6FFF9001034D1 /* Products */ = {
			isa = PBXGroup;
			children = (
				7E29D86526A6FFF9001034D1 /* StarWarsAPIViewer.app */,
				7E29D87B26A6FFFC001034D1 /* StarWarsAPIViewerTests.xctest */,
				3BF44BE22A533780001876EC /* StarWarsAPIViewerUITests.xctest */,
			);
			name = Products;
			sourceTree = "<group>";
		};
		7E29D86726A6FFF9001034D1 /* StarWarsAPIViewer */ = {
			isa = PBXGroup;
			children = (
				7E29D86826A6FFF9001034D1 /* AppDelegate.swift */,
				3BCB22FA2A4DF50200ACD9AF /* Scenes */,
				3BCB22EF2A4DF45000ACD9AF /* Coordinators */,
				3BCB23572A4E3D3A00ACD9AF /* UseCases */,
				3BCB22DB2A4DC12200ACD9AF /* Services */,
				3BCB234C2A4E329100ACD9AF /* Utils */,
				7E29D92A26A96D79001034D1 /* Views */,
				7E29D8A826A81DC2001034D1 /* Model */,
				3BF44BC62A5305C3001876EC /* Legacy */,
				7E29D87126A6FFFC001034D1 /* Assets.xcassets */,
				7E29D87326A6FFFC001034D1 /* LaunchScreen.storyboard */,
				7E29D87626A6FFFC001034D1 /* Info.plist */,
			);
			path = StarWarsAPIViewer;
			sourceTree = "<group>";
		};
		7E29D87E26A6FFFC001034D1 /* StarWarsAPIViewerTests */ = {
			isa = PBXGroup;
			children = (
				3BF44BCF2A530764001876EC /* Helpers */,
				3BF44BDD2A531FD7001876EC /* Legacy */,
				3BF44BCB2A5306CE001876EC /* Scenes */,
				7E29D88126A6FFFC001034D1 /* Info.plist */,
			);
			path = StarWarsAPIViewerTests;
			sourceTree = "<group>";
		};
		7E29D8A826A81DC2001034D1 /* Model */ = {
			isa = PBXGroup;
			children = (
				3BCB23032A4DF65900ACD9AF /* Domain */,
				3BCB23022A4DF64E00ACD9AF /* DTO */,
			);
			path = Model;
			sourceTree = "<group>";
		};
		7E29D8A926A81DD3001034D1 /* View Controllers */ = {
			isa = PBXGroup;
			children = (
				7E29D89E26A71C61001034D1 /* PlanetsCollectionViewController.swift */,
			);
			path = "View Controllers";
			sourceTree = "<group>";
		};
		7E29D8AA26A81DE1001034D1 /* Data Source */ = {
			isa = PBXGroup;
			children = (
				7E29D8A326A72A2A001034D1 /* PlanetsSnapshotProvider.swift */,
			);
			path = "Data Source";
			sourceTree = "<group>";
		};
		7E29D92A26A96D79001034D1 /* Views */ = {
			isa = PBXGroup;
			children = (
				3B1875DC2A52E1C9000B69BD /* SwiftUI */,
				7E29D8B026A87ADF001034D1 /* SpaceView.swift */,
				7E29D92826A969D2001034D1 /* SpaceshipView.swift */,
			);
			path = Views;
			sourceTree = "<group>";
		};
/* End PBXGroup section */

/* Begin PBXNativeTarget section */
		3BF44BE12A533780001876EC /* StarWarsAPIViewerUITests */ = {
			isa = PBXNativeTarget;
			buildConfigurationList = 3BF44BEA2A533780001876EC /* Build configuration list for PBXNativeTarget "StarWarsAPIViewerUITests" */;
			buildPhases = (
				3BF44BDE2A533780001876EC /* Sources */,
				3BF44BDF2A533780001876EC /* Frameworks */,
				3BF44BE02A533780001876EC /* Resources */,
			);
			buildRules = (
			);
			dependencies = (
				3BF44BE92A533780001876EC /* PBXTargetDependency */,
			);
			name = StarWarsAPIViewerUITests;
			productName = StarWarsAPIViewerUITests;
			productReference = 3BF44BE22A533780001876EC /* StarWarsAPIViewerUITests.xctest */;
			productType = "com.apple.product-type.bundle.ui-testing";
		};
		7E29D86426A6FFF9001034D1 /* StarWarsAPIViewer */ = {
			isa = PBXNativeTarget;
			buildConfigurationList = 7E29D88F26A6FFFC001034D1 /* Build configuration list for PBXNativeTarget "StarWarsAPIViewer" */;
			buildPhases = (
				7E29D86126A6FFF9001034D1 /* Sources */,
				7E29D86226A6FFF9001034D1 /* Frameworks */,
				7E29D86326A6FFF9001034D1 /* Resources */,
			);
			buildRules = (
			);
			dependencies = (
			);
			name = StarWarsAPIViewer;
			packageProductDependencies = (
				3B1875F12A52FD35000B69BD /* Resolver */,
			);
			productName = StarWarsAPIViewer;
			productReference = 7E29D86526A6FFF9001034D1 /* StarWarsAPIViewer.app */;
			productType = "com.apple.product-type.application";
		};
		7E29D87A26A6FFFC001034D1 /* StarWarsAPIViewerTests */ = {
			isa = PBXNativeTarget;
			buildConfigurationList = 7E29D89226A6FFFC001034D1 /* Build configuration list for PBXNativeTarget "StarWarsAPIViewerTests" */;
			buildPhases = (
				7E29D87726A6FFFC001034D1 /* Sources */,
				7E29D87826A6FFFC001034D1 /* Frameworks */,
				7E29D87926A6FFFC001034D1 /* Resources */,
			);
			buildRules = (
			);
			dependencies = (
				7E29D87D26A6FFFC001034D1 /* PBXTargetDependency */,
			);
			name = StarWarsAPIViewerTests;
			productName = StarWarsAPIViewerTests;
			productReference = 7E29D87B26A6FFFC001034D1 /* StarWarsAPIViewerTests.xctest */;
			productType = "com.apple.product-type.bundle.unit-test";
		};
/* End PBXNativeTarget section */

/* Begin PBXProject section */
		7E29D85D26A6FFF9001034D1 /* Project object */ = {
			isa = PBXProject;
			attributes = {
				LastSwiftUpdateCheck = 1420;
				LastUpgradeCheck = 1250;
				TargetAttributes = {
					3BF44BE12A533780001876EC = {
						CreatedOnToolsVersion = 14.2;
						TestTargetID = 7E29D86426A6FFF9001034D1;
					};
					7E29D86426A6FFF9001034D1 = {
						CreatedOnToolsVersion = 12.5.1;
						LastSwiftMigration = 1250;
					};
					7E29D87A26A6FFFC001034D1 = {
						CreatedOnToolsVersion = 12.5.1;
						TestTargetID = 7E29D86426A6FFF9001034D1;
					};
				};
			};
			buildConfigurationList = 7E29D86026A6FFF9001034D1 /* Build configuration list for PBXProject "StarWarsAPIViewer" */;
			compatibilityVersion = "Xcode 9.3";
			developmentRegion = en;
			hasScannedForEncodings = 0;
			knownRegions = (
				en,
				Base,
			);
			mainGroup = 7E29D85C26A6FFF9001034D1;
			productRefGroup = 7E29D86626A6FFF9001034D1 /* Products */;
			projectDirPath = "";
			projectRoot = "";
			targets = (
				7E29D86426A6FFF9001034D1 /* StarWarsAPIViewer */,
				7E29D87A26A6FFFC001034D1 /* StarWarsAPIViewerTests */,
				3BF44BE12A533780001876EC /* StarWarsAPIViewerUITests */,
			);
		};
/* End PBXProject section */

/* Begin PBXResourcesBuildPhase section */
		3BF44BE02A533780001876EC /* Resources */ = {
			isa = PBXResourcesBuildPhase;
			buildActionMask = 2147483647;
			files = (
			);
			runOnlyForDeploymentPostprocessing = 0;
		};
		7E29D86326A6FFF9001034D1 /* Resources */ = {
			isa = PBXResourcesBuildPhase;
			buildActionMask = 2147483647;
			files = (
				3BCB234B2A4E22E300ACD9AF /* StarWarsSpaceViewController.xib in Resources */,
				7E29D87526A6FFFC001034D1 /* LaunchScreen.storyboard in Resources */,
				7E29D87226A6FFFC001034D1 /* Assets.xcassets in Resources */,
				7E29D87026A6FFF9001034D1 /* Main.storyboard in Resources */,
			);
			runOnlyForDeploymentPostprocessing = 0;
		};
		7E29D87926A6FFFC001034D1 /* Resources */ = {
			isa = PBXResourcesBuildPhase;
			buildActionMask = 2147483647;
			files = (
			);
			runOnlyForDeploymentPostprocessing = 0;
		};
/* End PBXResourcesBuildPhase section */

/* Begin PBXSourcesBuildPhase section */
		3BF44BDE2A533780001876EC /* Sources */ = {
			isa = PBXSourcesBuildPhase;
			buildActionMask = 2147483647;
			files = (
				3BF44C0D2A533A46001876EC /* PlanetsViewUITests.swift in Sources */,
			);
			runOnlyForDeploymentPostprocessing = 0;
		};
		7E29D86126A6FFF9001034D1 /* Sources */ = {
			isa = PBXSourcesBuildPhase;
			buildActionMask = 2147483647;
			files = (
				3BCB230C2A4DFFD600ACD9AF /* StarWarsSpaceView.swift in Sources */,
				3B1875D72A521E2E000B69BD /* PlanetDetailsViewState.swift in Sources */,
				7E29D86926A6FFF9001034D1 /* AppDelegate.swift in Sources */,
				3BCB230E2A4DFFE900ACD9AF /* StarWarsSpaceViewModel.swift in Sources */,
				3BF44C182A5346B7001876EC /* MockedError.swift in Sources */,
				3BF44C112A533BFB001876EC /* UITestsHelper.swift in Sources */,
				7E29D89F26A71C61001034D1 /* PlanetsCollectionViewController.swift in Sources */,
				7E29D8A426A72A2A001034D1 /* PlanetsSnapshotProvider.swift in Sources */,
				3BCB23562A4E3C5500ACD9AF /* Result+Async.swift in Sources */,
				3B1875D02A5214A7000B69BD /* View+onLoad.swift in Sources */,
				7E29D8A226A71D78001034D1 /* PlanetDTO.swift in Sources */,
				3BF44BCA2A53062D001876EC /* ZNLSWAPIClient.m in Sources */,
				3BCB23092A4DFE4300ACD9AF /* PlanetsViewSceneDelegate.swift in Sources */,
				3BCB23072A4DF68E00ACD9AF /* PlanetsPage.swift in Sources */,
				3B76DCC62A4F1ABD00FACAA4 /* RefreshableScrollViewModifier.swift in Sources */,
				3BCB23012A4DF53E00ACD9AF /* PlanetsViewState.swift in Sources */,
				3B1875D32A521E0D000B69BD /* PlanetDetailsView.swift in Sources */,
				3BCB23052A4DF68200ACD9AF /* Planet.swift in Sources */,
				7E29D8B126A87ADF001034D1 /* SpaceView.swift in Sources */,
				3BF44C0F2A533AF9001876EC /* Resolver+UITestsSetupDependencies.swift in Sources */,
				3BCB22DE2A4DC15800ACD9AF /* NetworkingService.swift in Sources */,
				3BF44C1D2A534841001876EC /* PlanetsPage+Fixture.swift in Sources */,
				3BCB22F72A4DF4CC00ACD9AF /* PlanetsCoordinatorView.swift in Sources */,
				3BF44C1C2A534841001876EC /* Planet+Fixture.swift in Sources */,
				3BCB22F42A4DF48F00ACD9AF /* MainCoordinatorObject.swift in Sources */,
				3BCB22FF2A4DF52800ACD9AF /* PlanetsViewModel.swift in Sources */,
				3BCB23592A4E3D4B00ACD9AF /* StarWarsUseCase.swift in Sources */,
				3BF44C162A5345ED001876EC /* StarWarsUseCaseProtocolUITestsMock.swift in Sources */,
				3B1875F52A52FFB0000B69BD /* Resolver+SetupDependencies.swift in Sources */,
				3BCB22FD2A4DF51C00ACD9AF /* PlanetsView.swift in Sources */,
				3BCB23102A4DFFFB00ACD9AF /* StarWarsSpaceViewSceneDelegate.swift in Sources */,
				3BCB23532A4E38A300ACD9AF /* Pagination.swift in Sources */,
				3BCB22E12A4DCBED00ACD9AF /* LoggingPlugin.swift in Sources */,
				3B1875D92A521E40000B69BD /* PlanetDetailsViewSceneDelegate.swift in Sources */,
				3BCB22F92A4DF4D700ACD9AF /* PlanetsCoordinatorObject.swift in Sources */,
				3B1875D52A521E1E000B69BD /* PlanetDetailsViewModel.swift in Sources */,
				3B1875E02A52F278000B69BD /* FailedView.swift in Sources */,
				3BCB22EE2A4DD5DB00ACD9AF /* StarWarsNetworkService.swift in Sources */,
				7E29D92926A969D2001034D1 /* SpaceshipView.swift in Sources */,
				3BCB22E82A4DD2BF00ACD9AF /* NetworkClientError.swift in Sources */,
				3BCB22F22A4DF47600ACD9AF /* MainCoordinatorView.swift in Sources */,
				7E29D8A626A73243001034D1 /* PlanetsPageDTO.swift in Sources */,
				3BCB22E62A4DD28A00ACD9AF /* Endpoint.swift in Sources */,
				3BCB22E42A4DD24D00ACD9AF /* SwapiClientService.swift in Sources */,
				3BCB23502A4E330900ACD9AF /* View+Navigation.swift in Sources */,
			);
			runOnlyForDeploymentPostprocessing = 0;
		};
		7E29D87726A6FFFC001034D1 /* Sources */ = {
			isa = PBXSourcesBuildPhase;
			buildActionMask = 2147483647;
			files = (
				3BF44BD12A530780001876EC /* StarWarsUseCaseProtocolMock.swift in Sources */,
				3BF44BCE2A5306FB001876EC /* PlanetsViewModelTests.swift in Sources */,
				3BF44BD42A530918001876EC /* PlanetsViewSceneDelegateMock.swift in Sources */,
				3BF44BDC2A531732001876EC /* MockedError.swift in Sources */,
				7E29D8AC26A85C6E001034D1 /* ZNLSWAPIClientTests.swift in Sources */,
			);
			runOnlyForDeploymentPostprocessing = 0;
		};
/* End PBXSourcesBuildPhase section */

/* Begin PBXTargetDependency section */
		3BF44BE92A533780001876EC /* PBXTargetDependency */ = {
			isa = PBXTargetDependency;
			target = 7E29D86426A6FFF9001034D1 /* StarWarsAPIViewer */;
			targetProxy = 3BF44BE82A533780001876EC /* PBXContainerItemProxy */;
		};
		7E29D87D26A6FFFC001034D1 /* PBXTargetDependency */ = {
			isa = PBXTargetDependency;
			target = 7E29D86426A6FFF9001034D1 /* StarWarsAPIViewer */;
			targetProxy = 7E29D87C26A6FFFC001034D1 /* PBXContainerItemProxy */;
		};
/* End PBXTargetDependency section */

/* Begin PBXVariantGroup section */
		7E29D86E26A6FFF9001034D1 /* Main.storyboard */ = {
			isa = PBXVariantGroup;
			children = (
				7E29D86F26A6FFF9001034D1 /* Base */,
			);
			name = Main.storyboard;
			sourceTree = "<group>";
		};
		7E29D87326A6FFFC001034D1 /* LaunchScreen.storyboard */ = {
			isa = PBXVariantGroup;
			children = (
				7E29D87426A6FFFC001034D1 /* Base */,
			);
			name = LaunchScreen.storyboard;
			sourceTree = "<group>";
		};
/* End PBXVariantGroup section */

/* Begin XCBuildConfiguration section */
		3BF44BEB2A533780001876EC /* Debug */ = {
			isa = XCBuildConfiguration;
			buildSettings = {
				CLANG_CXX_LANGUAGE_STANDARD = "gnu++20";
				CODE_SIGN_STYLE = Automatic;
				CURRENT_PROJECT_VERSION = 1;
				GENERATE_INFOPLIST_FILE = YES;
				IPHONEOS_DEPLOYMENT_TARGET = 16.2;
				MARKETING_VERSION = 1.0;
				PRODUCT_BUNDLE_IDENTIFIER = identicom.StarWarsAPIViewerUITests;
				PRODUCT_NAME = "$(TARGET_NAME)";
				SWIFT_EMIT_LOC_STRINGS = NO;
				SWIFT_VERSION = 5.0;
				TARGETED_DEVICE_FAMILY = "1,2";
				TEST_TARGET_NAME = StarWarsAPIViewer;
			};
			name = Debug;
		};
		3BF44BEC2A533780001876EC /* Release */ = {
			isa = XCBuildConfiguration;
			buildSettings = {
				CLANG_CXX_LANGUAGE_STANDARD = "gnu++20";
				CODE_SIGN_STYLE = Automatic;
				CURRENT_PROJECT_VERSION = 1;
				GENERATE_INFOPLIST_FILE = YES;
				IPHONEOS_DEPLOYMENT_TARGET = 16.2;
				MARKETING_VERSION = 1.0;
				PRODUCT_BUNDLE_IDENTIFIER = identicom.StarWarsAPIViewerUITests;
				PRODUCT_NAME = "$(TARGET_NAME)";
				SWIFT_EMIT_LOC_STRINGS = NO;
				SWIFT_VERSION = 5.0;
				TARGETED_DEVICE_FAMILY = "1,2";
				TEST_TARGET_NAME = StarWarsAPIViewer;
			};
			name = Release;
		};
		7E29D88D26A6FFFC001034D1 /* Debug */ = {
			isa = XCBuildConfiguration;
			buildSettings = {
				ALWAYS_SEARCH_USER_PATHS = NO;
				CLANG_ANALYZER_NONNULL = YES;
				CLANG_ANALYZER_NUMBER_OBJECT_CONVERSION = YES_AGGRESSIVE;
				CLANG_CXX_LANGUAGE_STANDARD = "gnu++14";
				CLANG_CXX_LIBRARY = "libc++";
				CLANG_ENABLE_MODULES = YES;
				CLANG_ENABLE_OBJC_ARC = YES;
				CLANG_ENABLE_OBJC_WEAK = YES;
				CLANG_WARN_BLOCK_CAPTURE_AUTORELEASING = YES;
				CLANG_WARN_BOOL_CONVERSION = YES;
				CLANG_WARN_COMMA = YES;
				CLANG_WARN_CONSTANT_CONVERSION = YES;
				CLANG_WARN_DEPRECATED_OBJC_IMPLEMENTATIONS = YES;
				CLANG_WARN_DIRECT_OBJC_ISA_USAGE = YES_ERROR;
				CLANG_WARN_DOCUMENTATION_COMMENTS = YES;
				CLANG_WARN_EMPTY_BODY = YES;
				CLANG_WARN_ENUM_CONVERSION = YES;
				CLANG_WARN_INFINITE_RECURSION = YES;
				CLANG_WARN_INT_CONVERSION = YES;
				CLANG_WARN_NON_LITERAL_NULL_CONVERSION = YES;
				CLANG_WARN_OBJC_IMPLICIT_RETAIN_SELF = YES;
				CLANG_WARN_OBJC_LITERAL_CONVERSION = YES;
				CLANG_WARN_OBJC_ROOT_CLASS = YES_ERROR;
				CLANG_WARN_QUOTED_INCLUDE_IN_FRAMEWORK_HEADER = YES;
				CLANG_WARN_RANGE_LOOP_ANALYSIS = YES;
				CLANG_WARN_STRICT_PROTOTYPES = YES;
				CLANG_WARN_SUSPICIOUS_MOVE = YES;
				CLANG_WARN_UNGUARDED_AVAILABILITY = YES_AGGRESSIVE;
				CLANG_WARN_UNREACHABLE_CODE = YES;
				CLANG_WARN__DUPLICATE_METHOD_MATCH = YES;
				COPY_PHASE_STRIP = NO;
				DEBUG_INFORMATION_FORMAT = dwarf;
				ENABLE_STRICT_OBJC_MSGSEND = YES;
				ENABLE_TESTABILITY = YES;
				GCC_C_LANGUAGE_STANDARD = gnu11;
				GCC_DYNAMIC_NO_PIC = NO;
				GCC_NO_COMMON_BLOCKS = YES;
				GCC_OPTIMIZATION_LEVEL = 0;
				GCC_PREPROCESSOR_DEFINITIONS = (
					"DEBUG=1",
					"$(inherited)",
				);
				GCC_WARN_64_TO_32_BIT_CONVERSION = YES;
				GCC_WARN_ABOUT_RETURN_TYPE = YES_ERROR;
				GCC_WARN_UNDECLARED_SELECTOR = YES;
				GCC_WARN_UNINITIALIZED_AUTOS = YES_AGGRESSIVE;
				GCC_WARN_UNUSED_FUNCTION = YES;
				GCC_WARN_UNUSED_VARIABLE = YES;
				IPHONEOS_DEPLOYMENT_TARGET = 14.5;
				MTL_ENABLE_DEBUG_INFO = INCLUDE_SOURCE;
				MTL_FAST_MATH = YES;
				ONLY_ACTIVE_ARCH = YES;
				SDKROOT = iphoneos;
				SWIFT_ACTIVE_COMPILATION_CONDITIONS = DEBUG;
				SWIFT_OPTIMIZATION_LEVEL = "-Onone";
			};
			name = Debug;
		};
		7E29D88E26A6FFFC001034D1 /* Release */ = {
			isa = XCBuildConfiguration;
			buildSettings = {
				ALWAYS_SEARCH_USER_PATHS = NO;
				CLANG_ANALYZER_NONNULL = YES;
				CLANG_ANALYZER_NUMBER_OBJECT_CONVERSION = YES_AGGRESSIVE;
				CLANG_CXX_LANGUAGE_STANDARD = "gnu++14";
				CLANG_CXX_LIBRARY = "libc++";
				CLANG_ENABLE_MODULES = YES;
				CLANG_ENABLE_OBJC_ARC = YES;
				CLANG_ENABLE_OBJC_WEAK = YES;
				CLANG_WARN_BLOCK_CAPTURE_AUTORELEASING = YES;
				CLANG_WARN_BOOL_CONVERSION = YES;
				CLANG_WARN_COMMA = YES;
				CLANG_WARN_CONSTANT_CONVERSION = YES;
				CLANG_WARN_DEPRECATED_OBJC_IMPLEMENTATIONS = YES;
				CLANG_WARN_DIRECT_OBJC_ISA_USAGE = YES_ERROR;
				CLANG_WARN_DOCUMENTATION_COMMENTS = YES;
				CLANG_WARN_EMPTY_BODY = YES;
				CLANG_WARN_ENUM_CONVERSION = YES;
				CLANG_WARN_INFINITE_RECURSION = YES;
				CLANG_WARN_INT_CONVERSION = YES;
				CLANG_WARN_NON_LITERAL_NULL_CONVERSION = YES;
				CLANG_WARN_OBJC_IMPLICIT_RETAIN_SELF = YES;
				CLANG_WARN_OBJC_LITERAL_CONVERSION = YES;
				CLANG_WARN_OBJC_ROOT_CLASS = YES_ERROR;
				CLANG_WARN_QUOTED_INCLUDE_IN_FRAMEWORK_HEADER = YES;
				CLANG_WARN_RANGE_LOOP_ANALYSIS = YES;
				CLANG_WARN_STRICT_PROTOTYPES = YES;
				CLANG_WARN_SUSPICIOUS_MOVE = YES;
				CLANG_WARN_UNGUARDED_AVAILABILITY = YES_AGGRESSIVE;
				CLANG_WARN_UNREACHABLE_CODE = YES;
				CLANG_WARN__DUPLICATE_METHOD_MATCH = YES;
				COPY_PHASE_STRIP = NO;
				DEBUG_INFORMATION_FORMAT = "dwarf-with-dsym";
				ENABLE_NS_ASSERTIONS = NO;
				ENABLE_STRICT_OBJC_MSGSEND = YES;
				GCC_C_LANGUAGE_STANDARD = gnu11;
				GCC_NO_COMMON_BLOCKS = YES;
				GCC_WARN_64_TO_32_BIT_CONVERSION = YES;
				GCC_WARN_ABOUT_RETURN_TYPE = YES_ERROR;
				GCC_WARN_UNDECLARED_SELECTOR = YES;
				GCC_WARN_UNINITIALIZED_AUTOS = YES_AGGRESSIVE;
				GCC_WARN_UNUSED_FUNCTION = YES;
				GCC_WARN_UNUSED_VARIABLE = YES;
				IPHONEOS_DEPLOYMENT_TARGET = 14.5;
				MTL_ENABLE_DEBUG_INFO = NO;
				MTL_FAST_MATH = YES;
				SDKROOT = iphoneos;
				SWIFT_COMPILATION_MODE = wholemodule;
				SWIFT_OPTIMIZATION_LEVEL = "-O";
				VALIDATE_PRODUCT = YES;
			};
			name = Release;
		};
		7E29D89026A6FFFC001034D1 /* Debug */ = {
			isa = XCBuildConfiguration;
			buildSettings = {
				ASSETCATALOG_COMPILER_APPICON_NAME = AppIcon;
				ASSETCATALOG_COMPILER_GLOBAL_ACCENT_COLOR_NAME = AccentColor;
				CLANG_ENABLE_MODULES = YES;
				CODE_SIGN_STYLE = Automatic;
				DEVELOPMENT_TEAM = F2325C9L89;
				INFOPLIST_FILE = StarWarsAPIViewer/Info.plist;
				LD_RUNPATH_SEARCH_PATHS = (
					"$(inherited)",
					"@executable_path/Frameworks",
				);
				PRODUCT_BUNDLE_IDENTIFIER = com.zonal.StarWarsAPIViewer;
				PRODUCT_NAME = "$(TARGET_NAME)";
				SWIFT_OBJC_BRIDGING_HEADER = "";
				SWIFT_OPTIMIZATION_LEVEL = "-Onone";
				SWIFT_VERSION = 5.0;
				TARGETED_DEVICE_FAMILY = "1,2";
			};
			name = Debug;
		};
		7E29D89126A6FFFC001034D1 /* Release */ = {
			isa = XCBuildConfiguration;
			buildSettings = {
				ASSETCATALOG_COMPILER_APPICON_NAME = AppIcon;
				ASSETCATALOG_COMPILER_GLOBAL_ACCENT_COLOR_NAME = AccentColor;
				CLANG_ENABLE_MODULES = YES;
				CODE_SIGN_STYLE = Automatic;
				DEVELOPMENT_TEAM = F2325C9L89;
				INFOPLIST_FILE = StarWarsAPIViewer/Info.plist;
				LD_RUNPATH_SEARCH_PATHS = (
					"$(inherited)",
					"@executable_path/Frameworks",
				);
				PRODUCT_BUNDLE_IDENTIFIER = com.zonal.StarWarsAPIViewer;
				PRODUCT_NAME = "$(TARGET_NAME)";
				SWIFT_OBJC_BRIDGING_HEADER = "";
				SWIFT_VERSION = 5.0;
				TARGETED_DEVICE_FAMILY = "1,2";
			};
			name = Release;
		};
		7E29D89326A6FFFC001034D1 /* Debug */ = {
			isa = XCBuildConfiguration;
			buildSettings = {
				ALWAYS_EMBED_SWIFT_STANDARD_LIBRARIES = YES;
				BUNDLE_LOADER = "$(TEST_HOST)";
				CODE_SIGN_STYLE = Automatic;
				DEVELOPMENT_TEAM = F2325C9L89;
				INFOPLIST_FILE = StarWarsAPIViewerTests/Info.plist;
				IPHONEOS_DEPLOYMENT_TARGET = 14.5;
				LD_RUNPATH_SEARCH_PATHS = (
					"$(inherited)",
					"@executable_path/Frameworks",
					"@loader_path/Frameworks",
				);
				PRODUCT_BUNDLE_IDENTIFIER = com.zonal.StarWarsAPIViewerTests;
				PRODUCT_NAME = "$(TARGET_NAME)";
				SWIFT_VERSION = 5.0;
				TARGETED_DEVICE_FAMILY = "1,2";
				TEST_HOST = "$(BUILT_PRODUCTS_DIR)/StarWarsAPIViewer.app/StarWarsAPIViewer";
			};
			name = Debug;
		};
		7E29D89426A6FFFC001034D1 /* Release */ = {
			isa = XCBuildConfiguration;
			buildSettings = {
				ALWAYS_EMBED_SWIFT_STANDARD_LIBRARIES = YES;
				BUNDLE_LOADER = "$(TEST_HOST)";
				CODE_SIGN_STYLE = Automatic;
				DEVELOPMENT_TEAM = F2325C9L89;
				INFOPLIST_FILE = StarWarsAPIViewerTests/Info.plist;
				IPHONEOS_DEPLOYMENT_TARGET = 14.5;
				LD_RUNPATH_SEARCH_PATHS = (
					"$(inherited)",
					"@executable_path/Frameworks",
					"@loader_path/Frameworks",
				);
				PRODUCT_BUNDLE_IDENTIFIER = com.zonal.StarWarsAPIViewerTests;
				PRODUCT_NAME = "$(TARGET_NAME)";
				SWIFT_VERSION = 5.0;
				TARGETED_DEVICE_FAMILY = "1,2";
				TEST_HOST = "$(BUILT_PRODUCTS_DIR)/StarWarsAPIViewer.app/StarWarsAPIViewer";
			};
			name = Release;
		};
/* End XCBuildConfiguration section */

/* Begin XCConfigurationList section */
		3BF44BEA2A533780001876EC /* Build configuration list for PBXNativeTarget "StarWarsAPIViewerUITests" */ = {
			isa = XCConfigurationList;
			buildConfigurations = (
				3BF44BEB2A533780001876EC /* Debug */,
				3BF44BEC2A533780001876EC /* Release */,
			);
			defaultConfigurationIsVisible = 0;
			defaultConfigurationName = Release;
		};
		7E29D86026A6FFF9001034D1 /* Build configuration list for PBXProject "StarWarsAPIViewer" */ = {
			isa = XCConfigurationList;
			buildConfigurations = (
				7E29D88D26A6FFFC001034D1 /* Debug */,
				7E29D88E26A6FFFC001034D1 /* Release */,
			);
			defaultConfigurationIsVisible = 0;
			defaultConfigurationName = Release;
		};
		7E29D88F26A6FFFC001034D1 /* Build configuration list for PBXNativeTarget "StarWarsAPIViewer" */ = {
			isa = XCConfigurationList;
			buildConfigurations = (
				7E29D89026A6FFFC001034D1 /* Debug */,
				7E29D89126A6FFFC001034D1 /* Release */,
			);
			defaultConfigurationIsVisible = 0;
			defaultConfigurationName = Release;
		};
		7E29D89226A6FFFC001034D1 /* Build configuration list for PBXNativeTarget "StarWarsAPIViewerTests" */ = {
			isa = XCConfigurationList;
			buildConfigurations = (
				7E29D89326A6FFFC001034D1 /* Debug */,
				7E29D89426A6FFFC001034D1 /* Release */,
			);
			defaultConfigurationIsVisible = 0;
			defaultConfigurationName = Release;
		};
/* End XCConfigurationList section */

/* Begin XCSwiftPackageProductDependency section */
		3B1875F12A52FD35000B69BD /* Resolver */ = {
			isa = XCSwiftPackageProductDependency;
			productName = Resolver;
		};
/* End XCSwiftPackageProductDependency section */
	};
	rootObject = 7E29D85D26A6FFF9001034D1 /* Project object */;
}
